
Microsoft Visual Studio Solution File, Format Version 12.00
# Visual Studio 15
VisualStudioVersion = 15.0.28010.2036
MinimumVisualStudioVersion = 10.0.40219.1
Project("{FAE04EC0-301F-11D3-BF4B-00C04F79EFBC}") = "Decorator", "Decorator\Decorator.csproj", "{83D66BF5-C17F-4E4D-BE28-725BFFFDB5FA}"
EndProject
Global
	GlobalSection(SolutionConfigurationPlatforms) = preSolution
		Debug|Any CPU = Debug|Any CPU
		Release|Any CPU = Release|Any CPU
	EndGlobalSection
	GlobalSection(ProjectConfigurationPlatforms) = postSolution
		{83D66BF5-C17F-4E4D-BE28-725BFFFDB5FA}.Debug|Any CPU.ActiveCfg = Debug|Any CPU
		{83D66BF5-C17F-4E4D-BE28-725BFFFDB5FA}.Debug|Any CPU.Build.0 = Debug|Any CPU
		{83D66BF5-C17F-4E4D-BE28-725BFFFDB5FA}.Release|Any CPU.ActiveCfg = Release|Any CPU
		{83D66BF5-C17F-4E4D-BE28-725BFFFDB5FA}.Release|Any CPU.Build.0 = Release|Any CPU
	EndGlobalSection
	GlobalSection(SolutionProperties) = preSolution
		HideSolutionNode = FALSE
	EndGlobalSection
	GlobalSection(ExtensibilityGlobals) = postSolution
		SolutionGuid = {9A6E64C8-3296-452E-9D9E-3F67871BEA6E}
	EndGlobalSection
EndGlobal
