
Microsoft Visual Studio Solution File, Format Version 12.00
# Visual Studio 15
VisualStudioVersion = 15.0.28010.2041
MinimumVisualStudioVersion = 10.0.40219.1
Project("{FAE04EC0-301F-11D3-BF4B-00C04F79EFBC}") = "Interprater", "Interprater.csproj", "{753726BF-5D3A-42BB-B9F1-31813A15FBEB}"
EndProject
Global
	GlobalSection(SolutionConfigurationPlatforms) = preSolution
		Debug|Any CPU = Debug|Any CPU
		Release|Any CPU = Release|Any CPU
	EndGlobalSection
	GlobalSection(ProjectConfigurationPlatforms) = postSolution
		{753726BF-5D3A-42BB-B9F1-31813A15FBEB}.Debug|Any CPU.ActiveCfg = Debug|Any CPU
		{753726BF-5D3A-42BB-B9F1-31813A15FBEB}.Debug|Any CPU.Build.0 = Debug|Any CPU
		{753726BF-5D3A-42BB-B9F1-31813A15FBEB}.Release|Any CPU.ActiveCfg = Release|Any CPU
		{753726BF-5D3A-42BB-B9F1-31813A15FBEB}.Release|Any CPU.Build.0 = Release|Any CPU
	EndGlobalSection
	GlobalSection(SolutionProperties) = preSolution
		HideSolutionNode = FALSE
	EndGlobalSection
	GlobalSection(ExtensibilityGlobals) = postSolution
		SolutionGuid = {CA28202A-64F1-4127-A235-65157C0B2564}
	EndGlobalSection
EndGlobal
