
Microsoft Visual Studio Solution File, Format Version 12.00
# Visual Studio 15
VisualStudioVersion = 15.0.27428.2027
MinimumVisualStudioVersion = 10.0.40219.1
Project("{FAE04EC0-301F-11D3-BF4B-00C04F79EFBC}") = "Singleton", "Singleton\Singleton.csproj", "{67A4E836-6F80-455C-83E7-786DA44CA142}"
EndProject
Project("{FAE04EC0-301F-11D3-BF4B-00C04F79EFBC}") = "Singleton_Extended", "Singleton_Extended\Singleton_Extended.csproj", "{432C1C5D-EB85-41C2-95FA-85DB2C559135}"
EndProject
Project("{FAE04EC0-301F-11D3-BF4B-00C04F79EFBC}") = "AbstractFactory", "AbstractFactory\AbstractFactory.csproj", "{D41E640F-D27A-4403-9236-D5B0565FE868}"
EndProject
Project("{FAE04EC0-301F-11D3-BF4B-00C04F79EFBC}") = "SOLID_S_false", "SOLID_S_false\SOLID_S_false.csproj", "{5A5C0F54-B1CF-4C74-9B07-AE06E4B353F4}"
EndProject
Project("{FAE04EC0-301F-11D3-BF4B-00C04F79EFBC}") = "SOLID_S_true", "SOLID_S_true\SOLID_S_true.csproj", "{4E7E047A-DB01-4F17-9244-4298688E7513}"
EndProject
Project("{FAE04EC0-301F-11D3-BF4B-00C04F79EFBC}") = "SOLID_L_true", "SOLID_L_true\SOLID_L_true.csproj", "{7433A319-F0F3-45E8-B001-0E042E531747}"
EndProject
Project("{FAE04EC0-301F-11D3-BF4B-00C04F79EFBC}") = "SOLID_D_true", "SOLID_D_true\SOLID_D_true.csproj", "{85CBBE18-8BF6-4B56-8173-AC73B22E4A1E}"
EndProject
Project("{FAE04EC0-301F-11D3-BF4B-00C04F79EFBC}") = "SOLID_O", "SOLID_O\SOLID_O.csproj", "{BDD84E88-FD05-46A0-9050-82DA6B52E00E}"
EndProject
Project("{FAE04EC0-301F-11D3-BF4B-00C04F79EFBC}") = "SOLID_O_true", "SOLID_O_true\SOLID_O_true.csproj", "{1CCBEECE-8939-4AC9-B6C6-026BAF44ECDF}"
EndProject
Project("{FAE04EC0-301F-11D3-BF4B-00C04F79EFBC}") = "SOLID_I", "SOLID_I\SOLID_I.csproj", "{E4257F33-6DF6-4D6E-B679-0CA1412E5B52}"
EndProject
Project("{FAE04EC0-301F-11D3-BF4B-00C04F79EFBC}") = "SOLID_I_true", "SOLID_I_true\SOLID_I_true.csproj", "{CAE14D0A-2431-4CDD-B694-5AAC7D31F429}"
EndProject
Project("{FAE04EC0-301F-11D3-BF4B-00C04F79EFBC}") = "SOLID_L", "SOLID_L\SOLID_L.csproj", "{9019FA37-FF52-4B10-A1F2-80679D6F31E0}"
EndProject
Project("{FAE04EC0-301F-11D3-BF4B-00C04F79EFBC}") = "State", "State\State.csproj", "{B9BD1DC1-0A8C-40E0-B197-F3C051AE854C}"
EndProject
Project("{FAE04EC0-301F-11D3-BF4B-00C04F79EFBC}") = "Strategy", "Strategy\Strategy.csproj", "{9DBA9CB9-4408-4B49-B668-E33196C17B3A}"
EndProject
Project("{FAE04EC0-301F-11D3-BF4B-00C04F79EFBC}") = "Template", "Template\Template.csproj", "{3D0F7CC4-D622-48ED-B601-416B63B65184}"
EndProject
Project("{FAE04EC0-301F-11D3-BF4B-00C04F79EFBC}") = "Visitor", "Visitor\Visitor.csproj", "{03F26BFE-319B-4201-884D-D54238CCD0C4}"
EndProject
Global
	GlobalSection(SolutionConfigurationPlatforms) = preSolution
		Debug|Any CPU = Debug|Any CPU
		Debug|x64 = Debug|x64
		Debug|x86 = Debug|x86
		Release|Any CPU = Release|Any CPU
		Release|x64 = Release|x64
		Release|x86 = Release|x86
	EndGlobalSection
	GlobalSection(ProjectConfigurationPlatforms) = postSolution
		{67A4E836-6F80-455C-83E7-786DA44CA142}.Debug|Any CPU.ActiveCfg = Debug|Any CPU
		{67A4E836-6F80-455C-83E7-786DA44CA142}.Debug|Any CPU.Build.0 = Debug|Any CPU
		{67A4E836-6F80-455C-83E7-786DA44CA142}.Debug|x64.ActiveCfg = Debug|Any CPU
		{67A4E836-6F80-455C-83E7-786DA44CA142}.Debug|x64.Build.0 = Debug|Any CPU
		{67A4E836-6F80-455C-83E7-786DA44CA142}.Debug|x86.ActiveCfg = Debug|Any CPU
		{67A4E836-6F80-455C-83E7-786DA44CA142}.Debug|x86.Build.0 = Debug|Any CPU
		{67A4E836-6F80-455C-83E7-786DA44CA142}.Release|Any CPU.ActiveCfg = Release|Any CPU
		{67A4E836-6F80-455C-83E7-786DA44CA142}.Release|Any CPU.Build.0 = Release|Any CPU
		{67A4E836-6F80-455C-83E7-786DA44CA142}.Release|x64.ActiveCfg = Release|Any CPU
		{67A4E836-6F80-455C-83E7-786DA44CA142}.Release|x64.Build.0 = Release|Any CPU
		{67A4E836-6F80-455C-83E7-786DA44CA142}.Release|x86.ActiveCfg = Release|Any CPU
		{67A4E836-6F80-455C-83E7-786DA44CA142}.Release|x86.Build.0 = Release|Any CPU
		{432C1C5D-EB85-41C2-95FA-85DB2C559135}.Debug|Any CPU.ActiveCfg = Debug|Any CPU
		{432C1C5D-EB85-41C2-95FA-85DB2C559135}.Debug|Any CPU.Build.0 = Debug|Any CPU
		{432C1C5D-EB85-41C2-95FA-85DB2C559135}.Debug|x64.ActiveCfg = Debug|Any CPU
		{432C1C5D-EB85-41C2-95FA-85DB2C559135}.Debug|x64.Build.0 = Debug|Any CPU
		{432C1C5D-EB85-41C2-95FA-85DB2C559135}.Debug|x86.ActiveCfg = Debug|Any CPU
		{432C1C5D-EB85-41C2-95FA-85DB2C559135}.Debug|x86.Build.0 = Debug|Any CPU
		{432C1C5D-EB85-41C2-95FA-85DB2C559135}.Release|Any CPU.ActiveCfg = Release|Any CPU
		{432C1C5D-EB85-41C2-95FA-85DB2C559135}.Release|Any CPU.Build.0 = Release|Any CPU
		{432C1C5D-EB85-41C2-95FA-85DB2C559135}.Release|x64.ActiveCfg = Release|Any CPU
		{432C1C5D-EB85-41C2-95FA-85DB2C559135}.Release|x64.Build.0 = Release|Any CPU
		{432C1C5D-EB85-41C2-95FA-85DB2C559135}.Release|x86.ActiveCfg = Release|Any CPU
		{432C1C5D-EB85-41C2-95FA-85DB2C559135}.Release|x86.Build.0 = Release|Any CPU
		{D41E640F-D27A-4403-9236-D5B0565FE868}.Debug|Any CPU.ActiveCfg = Debug|Any CPU
		{D41E640F-D27A-4403-9236-D5B0565FE868}.Debug|Any CPU.Build.0 = Debug|Any CPU
		{D41E640F-D27A-4403-9236-D5B0565FE868}.Debug|x64.ActiveCfg = Debug|Any CPU
		{D41E640F-D27A-4403-9236-D5B0565FE868}.Debug|x64.Build.0 = Debug|Any CPU
		{D41E640F-D27A-4403-9236-D5B0565FE868}.Debug|x86.ActiveCfg = Debug|Any CPU
		{D41E640F-D27A-4403-9236-D5B0565FE868}.Debug|x86.Build.0 = Debug|Any CPU
		{D41E640F-D27A-4403-9236-D5B0565FE868}.Release|Any CPU.ActiveCfg = Release|Any CPU
		{D41E640F-D27A-4403-9236-D5B0565FE868}.Release|Any CPU.Build.0 = Release|Any CPU
		{D41E640F-D27A-4403-9236-D5B0565FE868}.Release|x64.ActiveCfg = Release|Any CPU
		{D41E640F-D27A-4403-9236-D5B0565FE868}.Release|x64.Build.0 = Release|Any CPU
		{D41E640F-D27A-4403-9236-D5B0565FE868}.Release|x86.ActiveCfg = Release|Any CPU
		{D41E640F-D27A-4403-9236-D5B0565FE868}.Release|x86.Build.0 = Release|Any CPU
		{5A5C0F54-B1CF-4C74-9B07-AE06E4B353F4}.Debug|Any CPU.ActiveCfg = Debug|Any CPU
		{5A5C0F54-B1CF-4C74-9B07-AE06E4B353F4}.Debug|Any CPU.Build.0 = Debug|Any CPU
		{5A5C0F54-B1CF-4C74-9B07-AE06E4B353F4}.Debug|x64.ActiveCfg = Debug|Any CPU
		{5A5C0F54-B1CF-4C74-9B07-AE06E4B353F4}.Debug|x64.Build.0 = Debug|Any CPU
		{5A5C0F54-B1CF-4C74-9B07-AE06E4B353F4}.Debug|x86.ActiveCfg = Debug|Any CPU
		{5A5C0F54-B1CF-4C74-9B07-AE06E4B353F4}.Debug|x86.Build.0 = Debug|Any CPU
		{5A5C0F54-B1CF-4C74-9B07-AE06E4B353F4}.Release|Any CPU.ActiveCfg = Release|Any CPU
		{5A5C0F54-B1CF-4C74-9B07-AE06E4B353F4}.Release|Any CPU.Build.0 = Release|Any CPU
		{5A5C0F54-B1CF-4C74-9B07-AE06E4B353F4}.Release|x64.ActiveCfg = Release|Any CPU
		{5A5C0F54-B1CF-4C74-9B07-AE06E4B353F4}.Release|x64.Build.0 = Release|Any CPU
		{5A5C0F54-B1CF-4C74-9B07-AE06E4B353F4}.Release|x86.ActiveCfg = Release|Any CPU
		{5A5C0F54-B1CF-4C74-9B07-AE06E4B353F4}.Release|x86.Build.0 = Release|Any CPU
		{4E7E047A-DB01-4F17-9244-4298688E7513}.Debug|Any CPU.ActiveCfg = Debug|Any CPU
		{4E7E047A-DB01-4F17-9244-4298688E7513}.Debug|Any CPU.Build.0 = Debug|Any CPU
		{4E7E047A-DB01-4F17-9244-4298688E7513}.Debug|x64.ActiveCfg = Debug|Any CPU
		{4E7E047A-DB01-4F17-9244-4298688E7513}.Debug|x64.Build.0 = Debug|Any CPU
		{4E7E047A-DB01-4F17-9244-4298688E7513}.Debug|x86.ActiveCfg = Debug|Any CPU
		{4E7E047A-DB01-4F17-9244-4298688E7513}.Debug|x86.Build.0 = Debug|Any CPU
		{4E7E047A-DB01-4F17-9244-4298688E7513}.Release|Any CPU.ActiveCfg = Release|Any CPU
		{4E7E047A-DB01-4F17-9244-4298688E7513}.Release|Any CPU.Build.0 = Release|Any CPU
		{4E7E047A-DB01-4F17-9244-4298688E7513}.Release|x64.ActiveCfg = Release|Any CPU
		{4E7E047A-DB01-4F17-9244-4298688E7513}.Release|x64.Build.0 = Release|Any CPU
		{4E7E047A-DB01-4F17-9244-4298688E7513}.Release|x86.ActiveCfg = Release|Any CPU
		{4E7E047A-DB01-4F17-9244-4298688E7513}.Release|x86.Build.0 = Release|Any CPU
		{7433A319-F0F3-45E8-B001-0E042E531747}.Debug|Any CPU.ActiveCfg = Debug|Any CPU
		{7433A319-F0F3-45E8-B001-0E042E531747}.Debug|Any CPU.Build.0 = Debug|Any CPU
		{7433A319-F0F3-45E8-B001-0E042E531747}.Debug|x64.ActiveCfg = Debug|Any CPU
		{7433A319-F0F3-45E8-B001-0E042E531747}.Debug|x64.Build.0 = Debug|Any CPU
		{7433A319-F0F3-45E8-B001-0E042E531747}.Debug|x86.ActiveCfg = Debug|Any CPU
		{7433A319-F0F3-45E8-B001-0E042E531747}.Debug|x86.Build.0 = Debug|Any CPU
		{7433A319-F0F3-45E8-B001-0E042E531747}.Release|Any CPU.ActiveCfg = Release|Any CPU
		{7433A319-F0F3-45E8-B001-0E042E531747}.Release|Any CPU.Build.0 = Release|Any CPU
		{7433A319-F0F3-45E8-B001-0E042E531747}.Release|x64.ActiveCfg = Release|Any CPU
		{7433A319-F0F3-45E8-B001-0E042E531747}.Release|x64.Build.0 = Release|Any CPU
		{7433A319-F0F3-45E8-B001-0E042E531747}.Release|x86.ActiveCfg = Release|Any CPU
		{7433A319-F0F3-45E8-B001-0E042E531747}.Release|x86.Build.0 = Release|Any CPU
		{85CBBE18-8BF6-4B56-8173-AC73B22E4A1E}.Debug|Any CPU.ActiveCfg = Debug|Any CPU
		{85CBBE18-8BF6-4B56-8173-AC73B22E4A1E}.Debug|Any CPU.Build.0 = Debug|Any CPU
		{85CBBE18-8BF6-4B56-8173-AC73B22E4A1E}.Debug|x64.ActiveCfg = Debug|Any CPU
		{85CBBE18-8BF6-4B56-8173-AC73B22E4A1E}.Debug|x64.Build.0 = Debug|Any CPU
		{85CBBE18-8BF6-4B56-8173-AC73B22E4A1E}.Debug|x86.ActiveCfg = Debug|Any CPU
		{85CBBE18-8BF6-4B56-8173-AC73B22E4A1E}.Debug|x86.Build.0 = Debug|Any CPU
		{85CBBE18-8BF6-4B56-8173-AC73B22E4A1E}.Release|Any CPU.ActiveCfg = Release|Any CPU
		{85CBBE18-8BF6-4B56-8173-AC73B22E4A1E}.Release|Any CPU.Build.0 = Release|Any CPU
		{85CBBE18-8BF6-4B56-8173-AC73B22E4A1E}.Release|x64.ActiveCfg = Release|Any CPU
		{85CBBE18-8BF6-4B56-8173-AC73B22E4A1E}.Release|x64.Build.0 = Release|Any CPU
		{85CBBE18-8BF6-4B56-8173-AC73B22E4A1E}.Release|x86.ActiveCfg = Release|Any CPU
		{85CBBE18-8BF6-4B56-8173-AC73B22E4A1E}.Release|x86.Build.0 = Release|Any CPU
		{BDD84E88-FD05-46A0-9050-82DA6B52E00E}.Debug|Any CPU.ActiveCfg = Debug|Any CPU
		{BDD84E88-FD05-46A0-9050-82DA6B52E00E}.Debug|Any CPU.Build.0 = Debug|Any CPU
		{BDD84E88-FD05-46A0-9050-82DA6B52E00E}.Debug|x64.ActiveCfg = Debug|Any CPU
		{BDD84E88-FD05-46A0-9050-82DA6B52E00E}.Debug|x64.Build.0 = Debug|Any CPU
		{BDD84E88-FD05-46A0-9050-82DA6B52E00E}.Debug|x86.ActiveCfg = Debug|Any CPU
		{BDD84E88-FD05-46A0-9050-82DA6B52E00E}.Debug|x86.Build.0 = Debug|Any CPU
		{BDD84E88-FD05-46A0-9050-82DA6B52E00E}.Release|Any CPU.ActiveCfg = Release|Any CPU
		{BDD84E88-FD05-46A0-9050-82DA6B52E00E}.Release|Any CPU.Build.0 = Release|Any CPU
		{BDD84E88-FD05-46A0-9050-82DA6B52E00E}.Release|x64.ActiveCfg = Release|Any CPU
		{BDD84E88-FD05-46A0-9050-82DA6B52E00E}.Release|x64.Build.0 = Release|Any CPU
		{BDD84E88-FD05-46A0-9050-82DA6B52E00E}.Release|x86.ActiveCfg = Release|Any CPU
		{BDD84E88-FD05-46A0-9050-82DA6B52E00E}.Release|x86.Build.0 = Release|Any CPU
		{1CCBEECE-8939-4AC9-B6C6-026BAF44ECDF}.Debug|Any CPU.ActiveCfg = Debug|Any CPU
		{1CCBEECE-8939-4AC9-B6C6-026BAF44ECDF}.Debug|Any CPU.Build.0 = Debug|Any CPU
		{1CCBEECE-8939-4AC9-B6C6-026BAF44ECDF}.Debug|x64.ActiveCfg = Debug|Any CPU
		{1CCBEECE-8939-4AC9-B6C6-026BAF44ECDF}.Debug|x64.Build.0 = Debug|Any CPU
		{1CCBEECE-8939-4AC9-B6C6-026BAF44ECDF}.Debug|x86.ActiveCfg = Debug|Any CPU
		{1CCBEECE-8939-4AC9-B6C6-026BAF44ECDF}.Debug|x86.Build.0 = Debug|Any CPU
		{1CCBEECE-8939-4AC9-B6C6-026BAF44ECDF}.Release|Any CPU.ActiveCfg = Release|Any CPU
		{1CCBEECE-8939-4AC9-B6C6-026BAF44ECDF}.Release|Any CPU.Build.0 = Release|Any CPU
		{1CCBEECE-8939-4AC9-B6C6-026BAF44ECDF}.Release|x64.ActiveCfg = Release|Any CPU
		{1CCBEECE-8939-4AC9-B6C6-026BAF44ECDF}.Release|x64.Build.0 = Release|Any CPU
		{1CCBEECE-8939-4AC9-B6C6-026BAF44ECDF}.Release|x86.ActiveCfg = Release|Any CPU
		{1CCBEECE-8939-4AC9-B6C6-026BAF44ECDF}.Release|x86.Build.0 = Release|Any CPU
		{E4257F33-6DF6-4D6E-B679-0CA1412E5B52}.Debug|Any CPU.ActiveCfg = Debug|Any CPU
		{E4257F33-6DF6-4D6E-B679-0CA1412E5B52}.Debug|Any CPU.Build.0 = Debug|Any CPU
		{E4257F33-6DF6-4D6E-B679-0CA1412E5B52}.Debug|x64.ActiveCfg = Debug|Any CPU
		{E4257F33-6DF6-4D6E-B679-0CA1412E5B52}.Debug|x64.Build.0 = Debug|Any CPU
		{E4257F33-6DF6-4D6E-B679-0CA1412E5B52}.Debug|x86.ActiveCfg = Debug|Any CPU
		{E4257F33-6DF6-4D6E-B679-0CA1412E5B52}.Debug|x86.Build.0 = Debug|Any CPU
		{E4257F33-6DF6-4D6E-B679-0CA1412E5B52}.Release|Any CPU.ActiveCfg = Release|Any CPU
		{E4257F33-6DF6-4D6E-B679-0CA1412E5B52}.Release|Any CPU.Build.0 = Release|Any CPU
		{E4257F33-6DF6-4D6E-B679-0CA1412E5B52}.Release|x64.ActiveCfg = Release|Any CPU
		{E4257F33-6DF6-4D6E-B679-0CA1412E5B52}.Release|x64.Build.0 = Release|Any CPU
		{E4257F33-6DF6-4D6E-B679-0CA1412E5B52}.Release|x86.ActiveCfg = Release|Any CPU
		{E4257F33-6DF6-4D6E-B679-0CA1412E5B52}.Release|x86.Build.0 = Release|Any CPU
		{CAE14D0A-2431-4CDD-B694-5AAC7D31F429}.Debug|Any CPU.ActiveCfg = Debug|Any CPU
		{CAE14D0A-2431-4CDD-B694-5AAC7D31F429}.Debug|Any CPU.Build.0 = Debug|Any CPU
		{CAE14D0A-2431-4CDD-B694-5AAC7D31F429}.Debug|x64.ActiveCfg = Debug|Any CPU
		{CAE14D0A-2431-4CDD-B694-5AAC7D31F429}.Debug|x64.Build.0 = Debug|Any CPU
		{CAE14D0A-2431-4CDD-B694-5AAC7D31F429}.Debug|x86.ActiveCfg = Debug|Any CPU
		{CAE14D0A-2431-4CDD-B694-5AAC7D31F429}.Debug|x86.Build.0 = Debug|Any CPU
		{CAE14D0A-2431-4CDD-B694-5AAC7D31F429}.Release|Any CPU.ActiveCfg = Release|Any CPU
		{CAE14D0A-2431-4CDD-B694-5AAC7D31F429}.Release|Any CPU.Build.0 = Release|Any CPU
		{CAE14D0A-2431-4CDD-B694-5AAC7D31F429}.Release|x64.ActiveCfg = Release|Any CPU
		{CAE14D0A-2431-4CDD-B694-5AAC7D31F429}.Release|x64.Build.0 = Release|Any CPU
		{CAE14D0A-2431-4CDD-B694-5AAC7D31F429}.Release|x86.ActiveCfg = Release|Any CPU
		{CAE14D0A-2431-4CDD-B694-5AAC7D31F429}.Release|x86.Build.0 = Release|Any CPU
		{9019FA37-FF52-4B10-A1F2-80679D6F31E0}.Debug|Any CPU.ActiveCfg = Debug|Any CPU
		{9019FA37-FF52-4B10-A1F2-80679D6F31E0}.Debug|Any CPU.Build.0 = Debug|Any CPU
		{9019FA37-FF52-4B10-A1F2-80679D6F31E0}.Debug|x64.ActiveCfg = Debug|Any CPU
		{9019FA37-FF52-4B10-A1F2-80679D6F31E0}.Debug|x64.Build.0 = Debug|Any CPU
		{9019FA37-FF52-4B10-A1F2-80679D6F31E0}.Debug|x86.ActiveCfg = Debug|Any CPU
		{9019FA37-FF52-4B10-A1F2-80679D6F31E0}.Debug|x86.Build.0 = Debug|Any CPU
		{9019FA37-FF52-4B10-A1F2-80679D6F31E0}.Release|Any CPU.ActiveCfg = Release|Any CPU
		{9019FA37-FF52-4B10-A1F2-80679D6F31E0}.Release|Any CPU.Build.0 = Release|Any CPU
		{9019FA37-FF52-4B10-A1F2-80679D6F31E0}.Release|x64.ActiveCfg = Release|Any CPU
		{9019FA37-FF52-4B10-A1F2-80679D6F31E0}.Release|x64.Build.0 = Release|Any CPU
		{9019FA37-FF52-4B10-A1F2-80679D6F31E0}.Release|x86.ActiveCfg = Release|Any CPU
		{9019FA37-FF52-4B10-A1F2-80679D6F31E0}.Release|x86.Build.0 = Release|Any CPU
		{B9BD1DC1-0A8C-40E0-B197-F3C051AE854C}.Debug|Any CPU.ActiveCfg = Debug|Any CPU
		{B9BD1DC1-0A8C-40E0-B197-F3C051AE854C}.Debug|Any CPU.Build.0 = Debug|Any CPU
		{B9BD1DC1-0A8C-40E0-B197-F3C051AE854C}.Debug|x64.ActiveCfg = Debug|Any CPU
		{B9BD1DC1-0A8C-40E0-B197-F3C051AE854C}.Debug|x64.Build.0 = Debug|Any CPU
		{B9BD1DC1-0A8C-40E0-B197-F3C051AE854C}.Debug|x86.ActiveCfg = Debug|Any CPU
		{B9BD1DC1-0A8C-40E0-B197-F3C051AE854C}.Debug|x86.Build.0 = Debug|Any CPU
		{B9BD1DC1-0A8C-40E0-B197-F3C051AE854C}.Release|Any CPU.ActiveCfg = Release|Any CPU
		{B9BD1DC1-0A8C-40E0-B197-F3C051AE854C}.Release|Any CPU.Build.0 = Release|Any CPU
		{B9BD1DC1-0A8C-40E0-B197-F3C051AE854C}.Release|x64.ActiveCfg = Release|Any CPU
		{B9BD1DC1-0A8C-40E0-B197-F3C051AE854C}.Release|x64.Build.0 = Release|Any CPU
		{B9BD1DC1-0A8C-40E0-B197-F3C051AE854C}.Release|x86.ActiveCfg = Release|Any CPU
		{B9BD1DC1-0A8C-40E0-B197-F3C051AE854C}.Release|x86.Build.0 = Release|Any CPU
		{9DBA9CB9-4408-4B49-B668-E33196C17B3A}.Debug|Any CPU.ActiveCfg = Debug|Any CPU
		{9DBA9CB9-4408-4B49-B668-E33196C17B3A}.Debug|Any CPU.Build.0 = Debug|Any CPU
		{9DBA9CB9-4408-4B49-B668-E33196C17B3A}.Debug|x64.ActiveCfg = Debug|Any CPU
		{9DBA9CB9-4408-4B49-B668-E33196C17B3A}.Debug|x64.Build.0 = Debug|Any CPU
		{9DBA9CB9-4408-4B49-B668-E33196C17B3A}.Debug|x86.ActiveCfg = Debug|Any CPU
		{9DBA9CB9-4408-4B49-B668-E33196C17B3A}.Debug|x86.Build.0 = Debug|Any CPU
		{9DBA9CB9-4408-4B49-B668-E33196C17B3A}.Release|Any CPU.ActiveCfg = Release|Any CPU
		{9DBA9CB9-4408-4B49-B668-E33196C17B3A}.Release|Any CPU.Build.0 = Release|Any CPU
		{9DBA9CB9-4408-4B49-B668-E33196C17B3A}.Release|x64.ActiveCfg = Release|Any CPU
		{9DBA9CB9-4408-4B49-B668-E33196C17B3A}.Release|x64.Build.0 = Release|Any CPU
		{9DBA9CB9-4408-4B49-B668-E33196C17B3A}.Release|x86.ActiveCfg = Release|Any CPU
		{9DBA9CB9-4408-4B49-B668-E33196C17B3A}.Release|x86.Build.0 = Release|Any CPU
		{3D0F7CC4-D622-48ED-B601-416B63B65184}.Debug|Any CPU.ActiveCfg = Debug|Any CPU
		{3D0F7CC4-D622-48ED-B601-416B63B65184}.Debug|Any CPU.Build.0 = Debug|Any CPU
		{3D0F7CC4-D622-48ED-B601-416B63B65184}.Debug|x64.ActiveCfg = Debug|Any CPU
		{3D0F7CC4-D622-48ED-B601-416B63B65184}.Debug|x64.Build.0 = Debug|Any CPU
		{3D0F7CC4-D622-48ED-B601-416B63B65184}.Debug|x86.ActiveCfg = Debug|Any CPU
		{3D0F7CC4-D622-48ED-B601-416B63B65184}.Debug|x86.Build.0 = Debug|Any CPU
		{3D0F7CC4-D622-48ED-B601-416B63B65184}.Release|Any CPU.ActiveCfg = Release|Any CPU
		{3D0F7CC4-D622-48ED-B601-416B63B65184}.Release|Any CPU.Build.0 = Release|Any CPU
		{3D0F7CC4-D622-48ED-B601-416B63B65184}.Release|x64.ActiveCfg = Release|Any CPU
		{3D0F7CC4-D622-48ED-B601-416B63B65184}.Release|x64.Build.0 = Release|Any CPU
		{3D0F7CC4-D622-48ED-B601-416B63B65184}.Release|x86.ActiveCfg = Release|Any CPU
		{3D0F7CC4-D622-48ED-B601-416B63B65184}.Release|x86.Build.0 = Release|Any CPU
		{03F26BFE-319B-4201-884D-D54238CCD0C4}.Debug|Any CPU.ActiveCfg = Debug|Any CPU
		{03F26BFE-319B-4201-884D-D54238CCD0C4}.Debug|Any CPU.Build.0 = Debug|Any CPU
		{03F26BFE-319B-4201-884D-D54238CCD0C4}.Debug|x64.ActiveCfg = Debug|Any CPU
		{03F26BFE-319B-4201-884D-D54238CCD0C4}.Debug|x64.Build.0 = Debug|Any CPU
		{03F26BFE-319B-4201-884D-D54238CCD0C4}.Debug|x86.ActiveCfg = Debug|Any CPU
		{03F26BFE-319B-4201-884D-D54238CCD0C4}.Debug|x86.Build.0 = Debug|Any CPU
		{03F26BFE-319B-4201-884D-D54238CCD0C4}.Release|Any CPU.ActiveCfg = Release|Any CPU
		{03F26BFE-319B-4201-884D-D54238CCD0C4}.Release|Any CPU.Build.0 = Release|Any CPU
		{03F26BFE-319B-4201-884D-D54238CCD0C4}.Release|x64.ActiveCfg = Release|Any CPU
		{03F26BFE-319B-4201-884D-D54238CCD0C4}.Release|x64.Build.0 = Release|Any CPU
		{03F26BFE-319B-4201-884D-D54238CCD0C4}.Release|x86.ActiveCfg = Release|Any CPU
		{03F26BFE-319B-4201-884D-D54238CCD0C4}.Release|x86.Build.0 = Release|Any CPU
	EndGlobalSection
	GlobalSection(SolutionProperties) = preSolution
		HideSolutionNode = FALSE
	EndGlobalSection
	GlobalSection(ExtensibilityGlobals) = postSolution
		SolutionGuid = {80ACAD06-3FD1-4367-ADBE-C3A7CB6CEE6A}
	EndGlobalSection
EndGlobal
