
Microsoft Visual Studio Solution File, Format Version 12.00
# Visual Studio 15
VisualStudioVersion = 15.0.27428.2027
MinimumVisualStudioVersion = 10.0.40219.1
Project("{FAE04EC0-301F-11D3-BF4B-00C04F79EFBC}") = "Prototype", "Prototype\Prototype.csproj", "{2EDB7231-9C21-4279-983D-3813DA29144D}"
EndProject
Project("{FAE04EC0-301F-11D3-BF4B-00C04F79EFBC}") = "ShallowCopy", "ShallowCopy\ShallowCopy.csproj", "{1101C7E0-0AEA-4975-81CF-FE4B038418F5}"
EndProject
Project("{FAE04EC0-301F-11D3-BF4B-00C04F79EFBC}") = "DeepCopy", "DeepCopy\DeepCopy.csproj", "{F58F567A-DAB7-4F83-97CC-C6A7F7BFA227}"
EndProject
Global
	GlobalSection(SolutionConfigurationPlatforms) = preSolution
		Debug|Any CPU = Debug|Any CPU
		Release|Any CPU = Release|Any CPU
	EndGlobalSection
	GlobalSection(ProjectConfigurationPlatforms) = postSolution
		{2EDB7231-9C21-4279-983D-3813DA29144D}.Debug|Any CPU.ActiveCfg = Debug|Any CPU
		{2EDB7231-9C21-4279-983D-3813DA29144D}.Debug|Any CPU.Build.0 = Debug|Any CPU
		{2EDB7231-9C21-4279-983D-3813DA29144D}.Release|Any CPU.ActiveCfg = Release|Any CPU
		{2EDB7231-9C21-4279-983D-3813DA29144D}.Release|Any CPU.Build.0 = Release|Any CPU
		{1101C7E0-0AEA-4975-81CF-FE4B038418F5}.Debug|Any CPU.ActiveCfg = Debug|Any CPU
		{1101C7E0-0AEA-4975-81CF-FE4B038418F5}.Debug|Any CPU.Build.0 = Debug|Any CPU
		{1101C7E0-0AEA-4975-81CF-FE4B038418F5}.Release|Any CPU.ActiveCfg = Release|Any CPU
		{1101C7E0-0AEA-4975-81CF-FE4B038418F5}.Release|Any CPU.Build.0 = Release|Any CPU
		{F58F567A-DAB7-4F83-97CC-C6A7F7BFA227}.Debug|Any CPU.ActiveCfg = Debug|Any CPU
		{F58F567A-DAB7-4F83-97CC-C6A7F7BFA227}.Debug|Any CPU.Build.0 = Debug|Any CPU
		{F58F567A-DAB7-4F83-97CC-C6A7F7BFA227}.Release|Any CPU.ActiveCfg = Release|Any CPU
		{F58F567A-DAB7-4F83-97CC-C6A7F7BFA227}.Release|Any CPU.Build.0 = Release|Any CPU
	EndGlobalSection
	GlobalSection(SolutionProperties) = preSolution
		HideSolutionNode = FALSE
	EndGlobalSection
	GlobalSection(ExtensibilityGlobals) = postSolution
		SolutionGuid = {E529292F-60C8-4153-AF19-5572BFB35EC3}
	EndGlobalSection
EndGlobal
